
Microsoft Visual Studio Solution File, Format Version 12.00
# Visual Studio 15
VisualStudioVersion = 15.0.28307.539
MinimumVisualStudioVersion = 10.0.40219.1
Project("{FAE04EC0-301F-11D3-BF4B-00C04F79EFBC}") = "ProductWeb", "ProductWeb\ProductWeb.csproj", "{5D1F2D32-799A-4B43-88F8-E0F43B52D4CC}"
EndProject
Project("{FAE04EC0-301F-11D3-BF4B-00C04F79EFBC}") = "ProductInfrastructure", "ProductInfrastructure\ProductInfrastructure.csproj", "{BF576E4B-75FF-4EEC-A94F-7211B068B0A9}"
EndProject
Global
	GlobalSection(SolutionConfigurationPlatforms) = preSolution
		Debug|Any CPU = Debug|Any CPU
		Release|Any CPU = Release|Any CPU
	EndGlobalSection
	GlobalSection(ProjectConfigurationPlatforms) = postSolution
		{5D1F2D32-799A-4B43-88F8-E0F43B52D4CC}.Debug|Any CPU.ActiveCfg = Debug|Any CPU
		{5D1F2D32-799A-4B43-88F8-E0F43B52D4CC}.Debug|Any CPU.Build.0 = Debug|Any CPU
		{5D1F2D32-799A-4B43-88F8-E0F43B52D4CC}.Release|Any CPU.ActiveCfg = Release|Any CPU
		{5D1F2D32-799A-4B43-88F8-E0F43B52D4CC}.Release|Any CPU.Build.0 = Release|Any CPU
		{BF576E4B-75FF-4EEC-A94F-7211B068B0A9}.Debug|Any CPU.ActiveCfg = Debug|Any CPU
		{BF576E4B-75FF-4EEC-A94F-7211B068B0A9}.Debug|Any CPU.Build.0 = Debug|Any CPU
		{BF576E4B-75FF-4EEC-A94F-7211B068B0A9}.Release|Any CPU.ActiveCfg = Release|Any CPU
		{BF576E4B-75FF-4EEC-A94F-7211B068B0A9}.Release|Any CPU.Build.0 = Release|Any CPU
	EndGlobalSection
	GlobalSection(SolutionProperties) = preSolution
		HideSolutionNode = FALSE
	EndGlobalSection
	GlobalSection(ExtensibilityGlobals) = postSolution
		SolutionGuid = {6F164143-19BA-4866-AA19-0723750A4AAC}
	EndGlobalSection
EndGlobal
